
Microsoft Visual Studio Solution File, Format Version 12.00
# Visual Studio Version 16
VisualStudioVersion = 16.0.28922.388
MinimumVisualStudioVersion = 10.0.40219.1
Project("{9A19103F-16F7-4668-BE54-9A1E7A4F7556}") = "BlazorProject", "BlazorProject\BlazorProject.csproj", "{7BD056FE-3629-4773-A98B-1CE79E51F305}"
	ProjectSection(ProjectDependencies) = postProject
		{71376010-A965-4A81-A9AC-40C1072D081F} = {71376010-A965-4A81-A9AC-40C1072D081F}
		{EC1934D4-7632-4D82-AB3D-EA334A5FCB88} = {EC1934D4-7632-4D82-AB3D-EA334A5FCB88}
	EndProjectSection
EndProject
Project("{9A19103F-16F7-4668-BE54-9A1E7A4F7556}") = "DatabaseServices", "DatabaseServices\DatabaseServices.csproj", "{71376010-A965-4A81-A9AC-40C1072D081F}"
	ProjectSection(ProjectDependencies) = postProject
		{EC1934D4-7632-4D82-AB3D-EA334A5FCB88} = {EC1934D4-7632-4D82-AB3D-EA334A5FCB88}
	EndProjectSection
EndProject
Project("{9A19103F-16F7-4668-BE54-9A1E7A4F7556}") = "Models", "Models\Models.csproj", "{EC1934D4-7632-4D82-AB3D-EA334A5FCB88}"
EndProject
Global
	GlobalSection(SolutionConfigurationPlatforms) = preSolution
		Debug|Any CPU = Debug|Any CPU
		Release|Any CPU = Release|Any CPU
	EndGlobalSection
	GlobalSection(ProjectConfigurationPlatforms) = postSolution
		{7BD056FE-3629-4773-A98B-1CE79E51F305}.Debug|Any CPU.ActiveCfg = Debug|Any CPU
		{7BD056FE-3629-4773-A98B-1CE79E51F305}.Debug|Any CPU.Build.0 = Debug|Any CPU
		{7BD056FE-3629-4773-A98B-1CE79E51F305}.Release|Any CPU.ActiveCfg = Release|Any CPU
		{7BD056FE-3629-4773-A98B-1CE79E51F305}.Release|Any CPU.Build.0 = Release|Any CPU
		{71376010-A965-4A81-A9AC-40C1072D081F}.Debug|Any CPU.ActiveCfg = Debug|Any CPU
		{71376010-A965-4A81-A9AC-40C1072D081F}.Debug|Any CPU.Build.0 = Debug|Any CPU
		{71376010-A965-4A81-A9AC-40C1072D081F}.Release|Any CPU.ActiveCfg = Release|Any CPU
		{71376010-A965-4A81-A9AC-40C1072D081F}.Release|Any CPU.Build.0 = Release|Any CPU
		{EC1934D4-7632-4D82-AB3D-EA334A5FCB88}.Debug|Any CPU.ActiveCfg = Debug|Any CPU
		{EC1934D4-7632-4D82-AB3D-EA334A5FCB88}.Debug|Any CPU.Build.0 = Debug|Any CPU
		{EC1934D4-7632-4D82-AB3D-EA334A5FCB88}.Release|Any CPU.ActiveCfg = Release|Any CPU
		{EC1934D4-7632-4D82-AB3D-EA334A5FCB88}.Release|Any CPU.Build.0 = Release|Any CPU
	EndGlobalSection
	GlobalSection(SolutionProperties) = preSolution
		HideSolutionNode = FALSE
	EndGlobalSection
	GlobalSection(ExtensibilityGlobals) = postSolution
		SolutionGuid = {63A8DAB4-2691-4C4A-9468-1771E938C37C}
	EndGlobalSection
EndGlobal
