
Microsoft Visual Studio Solution File, Format Version 12.00
# Visual Studio Version 16
VisualStudioVersion = 16.0.28922.388
MinimumVisualStudioVersion = 10.0.40219.1
Project("{9A19103F-16F7-4668-BE54-9A1E7A4F7556}") = "BlazorProject", "BlazorProject\BlazorProject.csproj", "{7BD056FE-3629-4773-A98B-1CE79E51F305}"
EndProject
Global
	GlobalSection(SolutionConfigurationPlatforms) = preSolution
		Debug|Any CPU = Debug|Any CPU
		Release|Any CPU = Release|Any CPU
	EndGlobalSection
	GlobalSection(ProjectConfigurationPlatforms) = postSolution
		{7BD056FE-3629-4773-A98B-1CE79E51F305}.Debug|Any CPU.ActiveCfg = Debug|Any CPU
		{7BD056FE-3629-4773-A98B-1CE79E51F305}.Debug|Any CPU.Build.0 = Debug|Any CPU
		{7BD056FE-3629-4773-A98B-1CE79E51F305}.Release|Any CPU.ActiveCfg = Release|Any CPU
		{7BD056FE-3629-4773-A98B-1CE79E51F305}.Release|Any CPU.Build.0 = Release|Any CPU
	EndGlobalSection
	GlobalSection(SolutionProperties) = preSolution
		HideSolutionNode = FALSE
	EndGlobalSection
	GlobalSection(ExtensibilityGlobals) = postSolution
		SolutionGuid = {63A8DAB4-2691-4C4A-9468-1771E938C37C}
	EndGlobalSection
EndGlobal
